
Microsoft Visual Studio Solution File, Format Version 12.00
# Visual Studio Version 18
VisualStudioVersion = 18.2.11415.280
MinimumVisualStudioVersion = 10.0.40219.1
Project("{8BC9CEB8-8B4A-11D0-8D11-00A0C91BC942}") = "Cedf", "src\converter\cedf.vcxproj", "{36AE8C27-72C0-4F51-A815-6A21F682808F}"
EndProject
Project("{8BC9CEB8-8B4A-11D0-8D11-00A0C91BC942}") = "CTest", "src\Test\CTest.vcxproj", "{A1825372-DFCE-4176-AFBF-DB673F08B34D}"
EndProject
Project("{2150E333-8FDC-42A3-9474-1A3956D46DE8}") = "NET", "NET", "{46E07C28-16BF-422F-9C01-6BEA11E03DA8}"
EndProject
Project("{FAE04EC0-301F-11D3-BF4B-00C04F79EFBC}") = "EdfNet", "NET\EdfNet\EdfNet.csproj", "{CE97787C-6985-FDDE-10CF-D1C58696BADD}"
EndProject
Project("{FAE04EC0-301F-11D3-BF4B-00C04F79EFBC}") = "NetTest", "NET\NetTesting\NetTest.csproj", "{C8692BB9-8B3A-7B46-28D3-C858039C9009}"
EndProject
Project("{FAE04EC0-301F-11D3-BF4B-00C04F79EFBC}") = "Test", "NET\Test\Test.csproj", "{EDC790D9-041C-6541-7B05-2578BE49EDC1}"
EndProject
Project("{FAE04EC0-301F-11D3-BF4B-00C04F79EFBC}") = "EdfGenerator", "NET\EdfBinGenerator\EdfGenerator.csproj", "{27324F68-AFD8-9D45-4584-F23D9BA0560C}"
EndProject
Project("{FAE04EC0-301F-11D3-BF4B-00C04F79EFBC}") = "EdfNetGen", "NET\EdfNetGen\EdfNetGen.csproj", "{85F8D378-56C7-4926-9F62-28C783EC9072}"
EndProject
Project("{FAE04EC0-301F-11D3-BF4B-00C04F79EFBC}") = "EdfNetRef", "NET\EdfNetRef\EdfNetRef.csproj", "{77C2F60D-8778-45D2-8958-7B1BD4C8EF91}"
EndProject
Global
	GlobalSection(SolutionConfigurationPlatforms) = preSolution
		Debug|Any CPU = Debug|Any CPU
		Debug|x64 = Debug|x64
		Debug|x86 = Debug|x86
		Release|Any CPU = Release|Any CPU
		Release|x64 = Release|x64
		Release|x86 = Release|x86
	EndGlobalSection
	GlobalSection(ProjectConfigurationPlatforms) = postSolution
		{36AE8C27-72C0-4F51-A815-6A21F682808F}.Debug|Any CPU.ActiveCfg = Debug|x64
		{36AE8C27-72C0-4F51-A815-6A21F682808F}.Debug|Any CPU.Build.0 = Debug|x64
		{36AE8C27-72C0-4F51-A815-6A21F682808F}.Debug|x64.ActiveCfg = Debug|x64
		{36AE8C27-72C0-4F51-A815-6A21F682808F}.Debug|x64.Build.0 = Debug|x64
		{36AE8C27-72C0-4F51-A815-6A21F682808F}.Debug|x86.ActiveCfg = Debug|Win32
		{36AE8C27-72C0-4F51-A815-6A21F682808F}.Debug|x86.Build.0 = Debug|Win32
		{36AE8C27-72C0-4F51-A815-6A21F682808F}.Release|Any CPU.ActiveCfg = Release|x64
		{36AE8C27-72C0-4F51-A815-6A21F682808F}.Release|Any CPU.Build.0 = Release|x64
		{36AE8C27-72C0-4F51-A815-6A21F682808F}.Release|x64.ActiveCfg = Release|x64
		{36AE8C27-72C0-4F51-A815-6A21F682808F}.Release|x64.Build.0 = Release|x64
		{36AE8C27-72C0-4F51-A815-6A21F682808F}.Release|x86.ActiveCfg = Release|Win32
		{36AE8C27-72C0-4F51-A815-6A21F682808F}.Release|x86.Build.0 = Release|Win32
		{A1825372-DFCE-4176-AFBF-DB673F08B34D}.Debug|Any CPU.ActiveCfg = Debug|x64
		{A1825372-DFCE-4176-AFBF-DB673F08B34D}.Debug|Any CPU.Build.0 = Debug|x64
		{A1825372-DFCE-4176-AFBF-DB673F08B34D}.Debug|x64.ActiveCfg = Debug|x64
		{A1825372-DFCE-4176-AFBF-DB673F08B34D}.Debug|x64.Build.0 = Debug|x64
		{A1825372-DFCE-4176-AFBF-DB673F08B34D}.Debug|x86.ActiveCfg = Debug|Win32
		{A1825372-DFCE-4176-AFBF-DB673F08B34D}.Debug|x86.Build.0 = Debug|Win32
		{A1825372-DFCE-4176-AFBF-DB673F08B34D}.Release|Any CPU.ActiveCfg = Release|x64
		{A1825372-DFCE-4176-AFBF-DB673F08B34D}.Release|Any CPU.Build.0 = Release|x64
		{A1825372-DFCE-4176-AFBF-DB673F08B34D}.Release|x64.ActiveCfg = Release|x64
		{A1825372-DFCE-4176-AFBF-DB673F08B34D}.Release|x64.Build.0 = Release|x64
		{A1825372-DFCE-4176-AFBF-DB673F08B34D}.Release|x86.ActiveCfg = Release|Win32
		{A1825372-DFCE-4176-AFBF-DB673F08B34D}.Release|x86.Build.0 = Release|Win32
		{CE97787C-6985-FDDE-10CF-D1C58696BADD}.Debug|Any CPU.ActiveCfg = Debug|Any CPU
		{CE97787C-6985-FDDE-10CF-D1C58696BADD}.Debug|Any CPU.Build.0 = Debug|Any CPU
		{CE97787C-6985-FDDE-10CF-D1C58696BADD}.Debug|x64.ActiveCfg = Debug|Any CPU
		{CE97787C-6985-FDDE-10CF-D1C58696BADD}.Debug|x64.Build.0 = Debug|Any CPU
		{CE97787C-6985-FDDE-10CF-D1C58696BADD}.Debug|x86.ActiveCfg = Debug|Any CPU
		{CE97787C-6985-FDDE-10CF-D1C58696BADD}.Debug|x86.Build.0 = Debug|Any CPU
		{CE97787C-6985-FDDE-10CF-D1C58696BADD}.Release|Any CPU.ActiveCfg = Release|Any CPU
		{CE97787C-6985-FDDE-10CF-D1C58696BADD}.Release|Any CPU.Build.0 = Release|Any CPU
		{CE97787C-6985-FDDE-10CF-D1C58696BADD}.Release|x64.ActiveCfg = Release|Any CPU
		{CE97787C-6985-FDDE-10CF-D1C58696BADD}.Release|x64.Build.0 = Release|Any CPU
		{CE97787C-6985-FDDE-10CF-D1C58696BADD}.Release|x86.ActiveCfg = Release|Any CPU
		{CE97787C-6985-FDDE-10CF-D1C58696BADD}.Release|x86.Build.0 = Release|Any CPU
		{C8692BB9-8B3A-7B46-28D3-C858039C9009}.Debug|Any CPU.ActiveCfg = Debug|Any CPU
		{C8692BB9-8B3A-7B46-28D3-C858039C9009}.Debug|Any CPU.Build.0 = Debug|Any CPU
		{C8692BB9-8B3A-7B46-28D3-C858039C9009}.Debug|x64.ActiveCfg = Debug|Any CPU
		{C8692BB9-8B3A-7B46-28D3-C858039C9009}.Debug|x64.Build.0 = Debug|Any CPU
		{C8692BB9-8B3A-7B46-28D3-C858039C9009}.Debug|x86.ActiveCfg = Debug|Any CPU
		{C8692BB9-8B3A-7B46-28D3-C858039C9009}.Debug|x86.Build.0 = Debug|Any CPU
		{C8692BB9-8B3A-7B46-28D3-C858039C9009}.Release|Any CPU.ActiveCfg = Release|Any CPU
		{C8692BB9-8B3A-7B46-28D3-C858039C9009}.Release|Any CPU.Build.0 = Release|Any CPU
		{C8692BB9-8B3A-7B46-28D3-C858039C9009}.Release|x64.ActiveCfg = Release|Any CPU
		{C8692BB9-8B3A-7B46-28D3-C858039C9009}.Release|x64.Build.0 = Release|Any CPU
		{C8692BB9-8B3A-7B46-28D3-C858039C9009}.Release|x86.ActiveCfg = Release|Any CPU
		{C8692BB9-8B3A-7B46-28D3-C858039C9009}.Release|x86.Build.0 = Release|Any CPU
		{EDC790D9-041C-6541-7B05-2578BE49EDC1}.Debug|Any CPU.ActiveCfg = Debug|Any CPU
		{EDC790D9-041C-6541-7B05-2578BE49EDC1}.Debug|Any CPU.Build.0 = Debug|Any CPU
		{EDC790D9-041C-6541-7B05-2578BE49EDC1}.Debug|x64.ActiveCfg = Debug|Any CPU
		{EDC790D9-041C-6541-7B05-2578BE49EDC1}.Debug|x64.Build.0 = Debug|Any CPU
		{EDC790D9-041C-6541-7B05-2578BE49EDC1}.Debug|x86.ActiveCfg = Debug|Any CPU
		{EDC790D9-041C-6541-7B05-2578BE49EDC1}.Debug|x86.Build.0 = Debug|Any CPU
		{EDC790D9-041C-6541-7B05-2578BE49EDC1}.Release|Any CPU.ActiveCfg = Release|Any CPU
		{EDC790D9-041C-6541-7B05-2578BE49EDC1}.Release|Any CPU.Build.0 = Release|Any CPU
		{EDC790D9-041C-6541-7B05-2578BE49EDC1}.Release|x64.ActiveCfg = Release|Any CPU
		{EDC790D9-041C-6541-7B05-2578BE49EDC1}.Release|x64.Build.0 = Release|Any CPU
		{EDC790D9-041C-6541-7B05-2578BE49EDC1}.Release|x86.ActiveCfg = Release|Any CPU
		{EDC790D9-041C-6541-7B05-2578BE49EDC1}.Release|x86.Build.0 = Release|Any CPU
		{27324F68-AFD8-9D45-4584-F23D9BA0560C}.Debug|Any CPU.ActiveCfg = Debug|Any CPU
		{27324F68-AFD8-9D45-4584-F23D9BA0560C}.Debug|Any CPU.Build.0 = Debug|Any CPU
		{27324F68-AFD8-9D45-4584-F23D9BA0560C}.Debug|x64.ActiveCfg = Debug|Any CPU
		{27324F68-AFD8-9D45-4584-F23D9BA0560C}.Debug|x64.Build.0 = Debug|Any CPU
		{27324F68-AFD8-9D45-4584-F23D9BA0560C}.Debug|x86.ActiveCfg = Debug|Any CPU
		{27324F68-AFD8-9D45-4584-F23D9BA0560C}.Debug|x86.Build.0 = Debug|Any CPU
		{27324F68-AFD8-9D45-4584-F23D9BA0560C}.Release|Any CPU.ActiveCfg = Release|Any CPU
		{27324F68-AFD8-9D45-4584-F23D9BA0560C}.Release|Any CPU.Build.0 = Release|Any CPU
		{27324F68-AFD8-9D45-4584-F23D9BA0560C}.Release|x64.ActiveCfg = Release|Any CPU
		{27324F68-AFD8-9D45-4584-F23D9BA0560C}.Release|x64.Build.0 = Release|Any CPU
		{27324F68-AFD8-9D45-4584-F23D9BA0560C}.Release|x86.ActiveCfg = Release|Any CPU
		{27324F68-AFD8-9D45-4584-F23D9BA0560C}.Release|x86.Build.0 = Release|Any CPU
		{85F8D378-56C7-4926-9F62-28C783EC9072}.Debug|Any CPU.ActiveCfg = Debug|Any CPU
		{85F8D378-56C7-4926-9F62-28C783EC9072}.Debug|Any CPU.Build.0 = Debug|Any CPU
		{85F8D378-56C7-4926-9F62-28C783EC9072}.Debug|x64.ActiveCfg = Debug|Any CPU
		{85F8D378-56C7-4926-9F62-28C783EC9072}.Debug|x64.Build.0 = Debug|Any CPU
		{85F8D378-56C7-4926-9F62-28C783EC9072}.Debug|x86.ActiveCfg = Debug|Any CPU
		{85F8D378-56C7-4926-9F62-28C783EC9072}.Debug|x86.Build.0 = Debug|Any CPU
		{85F8D378-56C7-4926-9F62-28C783EC9072}.Release|Any CPU.ActiveCfg = Release|Any CPU
		{85F8D378-56C7-4926-9F62-28C783EC9072}.Release|Any CPU.Build.0 = Release|Any CPU
		{85F8D378-56C7-4926-9F62-28C783EC9072}.Release|x64.ActiveCfg = Release|Any CPU
		{85F8D378-56C7-4926-9F62-28C783EC9072}.Release|x64.Build.0 = Release|Any CPU
		{85F8D378-56C7-4926-9F62-28C783EC9072}.Release|x86.ActiveCfg = Release|Any CPU
		{85F8D378-56C7-4926-9F62-28C783EC9072}.Release|x86.Build.0 = Release|Any CPU
		{77C2F60D-8778-45D2-8958-7B1BD4C8EF91}.Debug|Any CPU.ActiveCfg = Debug|Any CPU
		{77C2F60D-8778-45D2-8958-7B1BD4C8EF91}.Debug|Any CPU.Build.0 = Debug|Any CPU
		{77C2F60D-8778-45D2-8958-7B1BD4C8EF91}.Debug|x64.ActiveCfg = Debug|Any CPU
		{77C2F60D-8778-45D2-8958-7B1BD4C8EF91}.Debug|x64.Build.0 = Debug|Any CPU
		{77C2F60D-8778-45D2-8958-7B1BD4C8EF91}.Debug|x86.ActiveCfg = Debug|Any CPU
		{77C2F60D-8778-45D2-8958-7B1BD4C8EF91}.Debug|x86.Build.0 = Debug|Any CPU
		{77C2F60D-8778-45D2-8958-7B1BD4C8EF91}.Release|Any CPU.ActiveCfg = Release|Any CPU
		{77C2F60D-8778-45D2-8958-7B1BD4C8EF91}.Release|Any CPU.Build.0 = Release|Any CPU
		{77C2F60D-8778-45D2-8958-7B1BD4C8EF91}.Release|x64.ActiveCfg = Release|Any CPU
		{77C2F60D-8778-45D2-8958-7B1BD4C8EF91}.Release|x64.Build.0 = Release|Any CPU
		{77C2F60D-8778-45D2-8958-7B1BD4C8EF91}.Release|x86.ActiveCfg = Release|Any CPU
		{77C2F60D-8778-45D2-8958-7B1BD4C8EF91}.Release|x86.Build.0 = Release|Any CPU
	EndGlobalSection
	GlobalSection(SolutionProperties) = preSolution
		HideSolutionNode = FALSE
	EndGlobalSection
	GlobalSection(NestedProjects) = preSolution
		{CE97787C-6985-FDDE-10CF-D1C58696BADD} = {46E07C28-16BF-422F-9C01-6BEA11E03DA8}
		{C8692BB9-8B3A-7B46-28D3-C858039C9009} = {46E07C28-16BF-422F-9C01-6BEA11E03DA8}
		{EDC790D9-041C-6541-7B05-2578BE49EDC1} = {46E07C28-16BF-422F-9C01-6BEA11E03DA8}
		{27324F68-AFD8-9D45-4584-F23D9BA0560C} = {46E07C28-16BF-422F-9C01-6BEA11E03DA8}
		{85F8D378-56C7-4926-9F62-28C783EC9072} = {46E07C28-16BF-422F-9C01-6BEA11E03DA8}
		{77C2F60D-8778-45D2-8958-7B1BD4C8EF91} = {46E07C28-16BF-422F-9C01-6BEA11E03DA8}
	EndGlobalSection
	GlobalSection(ExtensibilityGlobals) = postSolution
		SolutionGuid = {1A940001-F9F5-4738-9771-753D828791BF}
	EndGlobalSection
EndGlobal
